
Microsoft Visual Studio Solution File, Format Version 12.00
# Visual Studio Version 17
VisualStudioVersion = 17.10.34928.147
MinimumVisualStudioVersion = 10.0.40219.1
Project("{9A19103F-16F7-4668-BE54-9A1E7A4F7556}") = "BibliotecaDeClases", "BibliotecaDeClases\BibliotecaDeClases.csproj", "{E1473138-9B4C-4D5D-AB77-37FCEE63C05A}"
EndProject
Project("{2150E333-8FDC-42A3-9474-1A3956D46DE8}") = "SQLServer", "SQLServer", "{BC46D85B-8861-48AB-AF7B-DE6C2A066B52}"
	ProjectSection(SolutionItems) = preProject
		SqlServer.sql = SqlServer.sql
	EndProjectSection
EndProject
Project("{9A19103F-16F7-4668-BE54-9A1E7A4F7556}") = "WebApi_CodeFirst", "WebApi_CodeFirst\WebApi_CodeFirst.csproj", "{93F409DD-E6C5-41B5-91FD-72A7BC3F174E}"
EndProject
Project("{9A19103F-16F7-4668-BE54-9A1E7A4F7556}") = "WebApi_DataBaseFirst", "WebApi_DataBaseFirst\WebApi_DataBaseFirst.csproj", "{731073EC-B16F-4F78-962E-873B482FE36E}"
EndProject
Project("{9A19103F-16F7-4668-BE54-9A1E7A4F7556}") = "WebApi_Dapper", "WebApi_Dapper\WebApi_Dapper.csproj", "{CF202B26-60D9-4E7A-A98C-151EFD0B2AC9}"
EndProject
Project("{9A19103F-16F7-4668-BE54-9A1E7A4F7556}") = "WebApi_EF_orm", "WebApi_EF_orm\WebApi_EF_orm.csproj", "{2C9B6194-4F8A-4444-BC8E-18B4A11D0338}"
EndProject
Project("{9A19103F-16F7-4668-BE54-9A1E7A4F7556}") = "WebApi_DapperService", "WebApi_DapperService\WebApi_DapperService.csproj", "{24E2D65A-AD16-4FC9-B73D-3AEA793EC056}"
EndProject
Project("{FAE04EC0-301F-11D3-BF4B-00C04F79EFBC}") = "WebApi_AuthJWT", "WebApi_AuthJWT\WebApi_AuthJWT.csproj", "{30098A3B-0DFD-43DE-A007-501F8F0734F1}"
EndProject
Global
	GlobalSection(SolutionConfigurationPlatforms) = preSolution
		Debug|Any CPU = Debug|Any CPU
		Release|Any CPU = Release|Any CPU
	EndGlobalSection
	GlobalSection(ProjectConfigurationPlatforms) = postSolution
		{E1473138-9B4C-4D5D-AB77-37FCEE63C05A}.Debug|Any CPU.ActiveCfg = Debug|Any CPU
		{E1473138-9B4C-4D5D-AB77-37FCEE63C05A}.Debug|Any CPU.Build.0 = Debug|Any CPU
		{E1473138-9B4C-4D5D-AB77-37FCEE63C05A}.Release|Any CPU.ActiveCfg = Release|Any CPU
		{E1473138-9B4C-4D5D-AB77-37FCEE63C05A}.Release|Any CPU.Build.0 = Release|Any CPU
		{93F409DD-E6C5-41B5-91FD-72A7BC3F174E}.Debug|Any CPU.ActiveCfg = Debug|Any CPU
		{93F409DD-E6C5-41B5-91FD-72A7BC3F174E}.Debug|Any CPU.Build.0 = Debug|Any CPU
		{93F409DD-E6C5-41B5-91FD-72A7BC3F174E}.Release|Any CPU.ActiveCfg = Release|Any CPU
		{93F409DD-E6C5-41B5-91FD-72A7BC3F174E}.Release|Any CPU.Build.0 = Release|Any CPU
		{731073EC-B16F-4F78-962E-873B482FE36E}.Debug|Any CPU.ActiveCfg = Debug|Any CPU
		{731073EC-B16F-4F78-962E-873B482FE36E}.Debug|Any CPU.Build.0 = Debug|Any CPU
		{731073EC-B16F-4F78-962E-873B482FE36E}.Release|Any CPU.ActiveCfg = Release|Any CPU
		{731073EC-B16F-4F78-962E-873B482FE36E}.Release|Any CPU.Build.0 = Release|Any CPU
		{CF202B26-60D9-4E7A-A98C-151EFD0B2AC9}.Debug|Any CPU.ActiveCfg = Debug|Any CPU
		{CF202B26-60D9-4E7A-A98C-151EFD0B2AC9}.Debug|Any CPU.Build.0 = Debug|Any CPU
		{CF202B26-60D9-4E7A-A98C-151EFD0B2AC9}.Release|Any CPU.ActiveCfg = Release|Any CPU
		{CF202B26-60D9-4E7A-A98C-151EFD0B2AC9}.Release|Any CPU.Build.0 = Release|Any CPU
		{2C9B6194-4F8A-4444-BC8E-18B4A11D0338}.Debug|Any CPU.ActiveCfg = Debug|Any CPU
		{2C9B6194-4F8A-4444-BC8E-18B4A11D0338}.Debug|Any CPU.Build.0 = Debug|Any CPU
		{2C9B6194-4F8A-4444-BC8E-18B4A11D0338}.Release|Any CPU.ActiveCfg = Release|Any CPU
		{2C9B6194-4F8A-4444-BC8E-18B4A11D0338}.Release|Any CPU.Build.0 = Release|Any CPU
		{24E2D65A-AD16-4FC9-B73D-3AEA793EC056}.Debug|Any CPU.ActiveCfg = Debug|Any CPU
		{24E2D65A-AD16-4FC9-B73D-3AEA793EC056}.Debug|Any CPU.Build.0 = Debug|Any CPU
		{24E2D65A-AD16-4FC9-B73D-3AEA793EC056}.Release|Any CPU.ActiveCfg = Release|Any CPU
		{24E2D65A-AD16-4FC9-B73D-3AEA793EC056}.Release|Any CPU.Build.0 = Release|Any CPU
		{30098A3B-0DFD-43DE-A007-501F8F0734F1}.Debug|Any CPU.ActiveCfg = Debug|Any CPU
		{30098A3B-0DFD-43DE-A007-501F8F0734F1}.Debug|Any CPU.Build.0 = Debug|Any CPU
		{30098A3B-0DFD-43DE-A007-501F8F0734F1}.Release|Any CPU.ActiveCfg = Release|Any CPU
		{30098A3B-0DFD-43DE-A007-501F8F0734F1}.Release|Any CPU.Build.0 = Release|Any CPU
	EndGlobalSection
	GlobalSection(SolutionProperties) = preSolution
		HideSolutionNode = FALSE
	EndGlobalSection
	GlobalSection(ExtensibilityGlobals) = postSolution
		SolutionGuid = {9C8562F3-FF3D-41F4-ABB6-6BCAD0518805}
	EndGlobalSection
EndGlobal
