
Microsoft Visual Studio Solution File, Format Version 12.00
# Visual Studio Version 17
VisualStudioVersion = 17.10.34928.147
MinimumVisualStudioVersion = 10.0.40219.1
Project("{9A19103F-16F7-4668-BE54-9A1E7A4F7556}") = "BibliotecaDeClases", "BibliotecaDeClases\BibliotecaDeClases.csproj", "{E1473138-9B4C-4D5D-AB77-37FCEE63C05A}"
EndProject
Project("{2150E333-8FDC-42A3-9474-1A3956D46DE8}") = "SQLServer", "SQLServer", "{BC46D85B-8861-48AB-AF7B-DE6C2A066B52}"
	ProjectSection(SolutionItems) = preProject
		SqlServer.sql = SqlServer.sql
	EndProjectSection
EndProject
Project("{9A19103F-16F7-4668-BE54-9A1E7A4F7556}") = "WebApi_CodeFirst", "WebApi_CodeFirst\WebApi_CodeFirst.csproj", "{93F409DD-E6C5-41B5-91FD-72A7BC3F174E}"
EndProject
Project("{9A19103F-16F7-4668-BE54-9A1E7A4F7556}") = "WebApi_DataBaseFirst", "WebApi_DataBaseFirst\WebApi_DataBaseFirst.csproj", "{731073EC-B16F-4F78-962E-873B482FE36E}"
EndProject
Project("{9A19103F-16F7-4668-BE54-9A1E7A4F7556}") = "WebApi_Dapper", "WebApi_Dapper\WebApi_Dapper.csproj", "{CF202B26-60D9-4E7A-A98C-151EFD0B2AC9}"
EndProject
Project("{9A19103F-16F7-4668-BE54-9A1E7A4F7556}") = "WebApi_EF_orm", "WebApi_EF_orm\WebApi_EF_orm.csproj", "{2C9B6194-4F8A-4444-BC8E-18B4A11D0338}"
EndProject
Project("{9A19103F-16F7-4668-BE54-9A1E7A4F7556}") = "WebApi_DapperService", "WebApi_DapperService\WebApi_DapperService.csproj", "{24E2D65A-AD16-4FC9-B73D-3AEA793EC056}"
EndProject
Project("{9A19103F-16F7-4668-BE54-9A1E7A4F7556}") = "WebApi_AuthJWT", "WebApi_AuthJWT\WebApi_AuthJWT.csproj", "{30098A3B-0DFD-43DE-A007-501F8F0734F1}"
EndProject
Project("{9A19103F-16F7-4668-BE54-9A1E7A4F7556}") = "WebApi_Auth", "WebApi_Auth\WebApi_Auth.csproj", "{915D9EFD-787C-4E95-A645-39B6AE2155AC}"
EndProject
Project("{9A19103F-16F7-4668-BE54-9A1E7A4F7556}") = "ConsoleAppTesting", "ConsoleAppTesting\ConsoleAppTesting.csproj", "{E3CA8880-F535-46D0-BA4E-3691547F5123}"
EndProject
Project("{9A19103F-16F7-4668-BE54-9A1E7A4F7556}") = "WebApi_AuthEncrypt", "WebApi_AuthEncrypt\WebApi_AuthEncrypt.csproj", "{4CDFC431-E825-4422-A90F-1B929F2DC214}"
EndProject
Project("{9A19103F-16F7-4668-BE54-9A1E7A4F7556}") = "ConsoleFetchAPI", "ConsoleFetchAPI\ConsoleFetchAPI.csproj", "{31BF2391-A72C-4D57-B444-19B8292FBD6C}"
EndProject
Project("{9A19103F-16F7-4668-BE54-9A1E7A4F7556}") = "WebAppMVC_webpConverter", "WebAppMVC_webpConverter\WebAppMVC_webpConverter.csproj", "{E8A739CC-4B55-4BC5-8123-C599AF5F3CBA}"
EndProject
Project("{9A19103F-16F7-4668-BE54-9A1E7A4F7556}") = "ClassLibrary_TicTacToe", "ClassLibrary_TicTacToe\ClassLibrary_TicTacToe.csproj", "{060CF46C-3FD4-4CE6-9AFF-87043BE9DFDC}"
EndProject
Project("{9A19103F-16F7-4668-BE54-9A1E7A4F7556}") = "WebApi_SignalR", "WebApi_SignalR\WebApi_SignalR.csproj", "{206A2534-8E95-4D3B-B937-CD050111A2ED}"
EndProject
Project("{9A19103F-16F7-4668-BE54-9A1E7A4F7556}") = "Console_SignalR_Client", "Console_SignalR_Client\Console_SignalR_Client.csproj", "{79E5190C-1EDB-4021-A68B-C0C47720A4AB}"
EndProject
Project("{9A19103F-16F7-4668-BE54-9A1E7A4F7556}") = "ClassLibrary_SignalIR", "ClassLibrary_SignalIR\ClassLibrary_SignalIR.csproj", "{D9A7564B-8C25-40D2-B2D2-A78292945AF2}"
EndProject
Project("{FAE04EC0-301F-11D3-BF4B-00C04F79EFBC}") = "WebAppBlazor_TicTacToe", "WebAppBlazor_TicTacToe\WebAppBlazor_TicTacToe\WebAppBlazor_TicTacToe.csproj", "{CE6ACBA7-4CD6-4579-87D9-36D4B7221BA1}"
EndProject
Project("{FAE04EC0-301F-11D3-BF4B-00C04F79EFBC}") = "WebAppBlazor_TicTacToe.Client", "WebAppBlazor_TicTacToe\WebAppBlazor_TicTacToe.Client\WebAppBlazor_TicTacToe.Client.csproj", "{660D34C6-BEEC-4F02-ADF3-5A969F8C129E}"
EndProject
Global
	GlobalSection(SolutionConfigurationPlatforms) = preSolution
		Debug|Any CPU = Debug|Any CPU
		Release|Any CPU = Release|Any CPU
	EndGlobalSection
	GlobalSection(ProjectConfigurationPlatforms) = postSolution
		{E1473138-9B4C-4D5D-AB77-37FCEE63C05A}.Debug|Any CPU.ActiveCfg = Debug|Any CPU
		{E1473138-9B4C-4D5D-AB77-37FCEE63C05A}.Debug|Any CPU.Build.0 = Debug|Any CPU
		{E1473138-9B4C-4D5D-AB77-37FCEE63C05A}.Release|Any CPU.ActiveCfg = Release|Any CPU
		{E1473138-9B4C-4D5D-AB77-37FCEE63C05A}.Release|Any CPU.Build.0 = Release|Any CPU
		{93F409DD-E6C5-41B5-91FD-72A7BC3F174E}.Debug|Any CPU.ActiveCfg = Debug|Any CPU
		{93F409DD-E6C5-41B5-91FD-72A7BC3F174E}.Debug|Any CPU.Build.0 = Debug|Any CPU
		{93F409DD-E6C5-41B5-91FD-72A7BC3F174E}.Release|Any CPU.ActiveCfg = Release|Any CPU
		{93F409DD-E6C5-41B5-91FD-72A7BC3F174E}.Release|Any CPU.Build.0 = Release|Any CPU
		{731073EC-B16F-4F78-962E-873B482FE36E}.Debug|Any CPU.ActiveCfg = Debug|Any CPU
		{731073EC-B16F-4F78-962E-873B482FE36E}.Debug|Any CPU.Build.0 = Debug|Any CPU
		{731073EC-B16F-4F78-962E-873B482FE36E}.Release|Any CPU.ActiveCfg = Release|Any CPU
		{731073EC-B16F-4F78-962E-873B482FE36E}.Release|Any CPU.Build.0 = Release|Any CPU
		{CF202B26-60D9-4E7A-A98C-151EFD0B2AC9}.Debug|Any CPU.ActiveCfg = Debug|Any CPU
		{CF202B26-60D9-4E7A-A98C-151EFD0B2AC9}.Debug|Any CPU.Build.0 = Debug|Any CPU
		{CF202B26-60D9-4E7A-A98C-151EFD0B2AC9}.Release|Any CPU.ActiveCfg = Release|Any CPU
		{CF202B26-60D9-4E7A-A98C-151EFD0B2AC9}.Release|Any CPU.Build.0 = Release|Any CPU
		{2C9B6194-4F8A-4444-BC8E-18B4A11D0338}.Debug|Any CPU.ActiveCfg = Debug|Any CPU
		{2C9B6194-4F8A-4444-BC8E-18B4A11D0338}.Debug|Any CPU.Build.0 = Debug|Any CPU
		{2C9B6194-4F8A-4444-BC8E-18B4A11D0338}.Release|Any CPU.ActiveCfg = Release|Any CPU
		{2C9B6194-4F8A-4444-BC8E-18B4A11D0338}.Release|Any CPU.Build.0 = Release|Any CPU
		{24E2D65A-AD16-4FC9-B73D-3AEA793EC056}.Debug|Any CPU.ActiveCfg = Debug|Any CPU
		{24E2D65A-AD16-4FC9-B73D-3AEA793EC056}.Debug|Any CPU.Build.0 = Debug|Any CPU
		{24E2D65A-AD16-4FC9-B73D-3AEA793EC056}.Release|Any CPU.ActiveCfg = Release|Any CPU
		{24E2D65A-AD16-4FC9-B73D-3AEA793EC056}.Release|Any CPU.Build.0 = Release|Any CPU
		{30098A3B-0DFD-43DE-A007-501F8F0734F1}.Debug|Any CPU.ActiveCfg = Debug|Any CPU
		{30098A3B-0DFD-43DE-A007-501F8F0734F1}.Debug|Any CPU.Build.0 = Debug|Any CPU
		{30098A3B-0DFD-43DE-A007-501F8F0734F1}.Release|Any CPU.ActiveCfg = Release|Any CPU
		{30098A3B-0DFD-43DE-A007-501F8F0734F1}.Release|Any CPU.Build.0 = Release|Any CPU
		{915D9EFD-787C-4E95-A645-39B6AE2155AC}.Debug|Any CPU.ActiveCfg = Debug|Any CPU
		{915D9EFD-787C-4E95-A645-39B6AE2155AC}.Debug|Any CPU.Build.0 = Debug|Any CPU
		{915D9EFD-787C-4E95-A645-39B6AE2155AC}.Release|Any CPU.ActiveCfg = Release|Any CPU
		{915D9EFD-787C-4E95-A645-39B6AE2155AC}.Release|Any CPU.Build.0 = Release|Any CPU
		{E3CA8880-F535-46D0-BA4E-3691547F5123}.Debug|Any CPU.ActiveCfg = Debug|Any CPU
		{E3CA8880-F535-46D0-BA4E-3691547F5123}.Debug|Any CPU.Build.0 = Debug|Any CPU
		{E3CA8880-F535-46D0-BA4E-3691547F5123}.Release|Any CPU.ActiveCfg = Release|Any CPU
		{E3CA8880-F535-46D0-BA4E-3691547F5123}.Release|Any CPU.Build.0 = Release|Any CPU
		{4CDFC431-E825-4422-A90F-1B929F2DC214}.Debug|Any CPU.ActiveCfg = Debug|Any CPU
		{4CDFC431-E825-4422-A90F-1B929F2DC214}.Debug|Any CPU.Build.0 = Debug|Any CPU
		{4CDFC431-E825-4422-A90F-1B929F2DC214}.Release|Any CPU.ActiveCfg = Release|Any CPU
		{4CDFC431-E825-4422-A90F-1B929F2DC214}.Release|Any CPU.Build.0 = Release|Any CPU
		{31BF2391-A72C-4D57-B444-19B8292FBD6C}.Debug|Any CPU.ActiveCfg = Debug|Any CPU
		{31BF2391-A72C-4D57-B444-19B8292FBD6C}.Debug|Any CPU.Build.0 = Debug|Any CPU
		{31BF2391-A72C-4D57-B444-19B8292FBD6C}.Release|Any CPU.ActiveCfg = Release|Any CPU
		{31BF2391-A72C-4D57-B444-19B8292FBD6C}.Release|Any CPU.Build.0 = Release|Any CPU
		{E8A739CC-4B55-4BC5-8123-C599AF5F3CBA}.Debug|Any CPU.ActiveCfg = Debug|Any CPU
		{E8A739CC-4B55-4BC5-8123-C599AF5F3CBA}.Debug|Any CPU.Build.0 = Debug|Any CPU
		{E8A739CC-4B55-4BC5-8123-C599AF5F3CBA}.Release|Any CPU.ActiveCfg = Release|Any CPU
		{E8A739CC-4B55-4BC5-8123-C599AF5F3CBA}.Release|Any CPU.Build.0 = Release|Any CPU
		{060CF46C-3FD4-4CE6-9AFF-87043BE9DFDC}.Debug|Any CPU.ActiveCfg = Debug|Any CPU
		{060CF46C-3FD4-4CE6-9AFF-87043BE9DFDC}.Debug|Any CPU.Build.0 = Debug|Any CPU
		{060CF46C-3FD4-4CE6-9AFF-87043BE9DFDC}.Release|Any CPU.ActiveCfg = Release|Any CPU
		{060CF46C-3FD4-4CE6-9AFF-87043BE9DFDC}.Release|Any CPU.Build.0 = Release|Any CPU
		{206A2534-8E95-4D3B-B937-CD050111A2ED}.Debug|Any CPU.ActiveCfg = Debug|Any CPU
		{206A2534-8E95-4D3B-B937-CD050111A2ED}.Debug|Any CPU.Build.0 = Debug|Any CPU
		{206A2534-8E95-4D3B-B937-CD050111A2ED}.Release|Any CPU.ActiveCfg = Release|Any CPU
		{206A2534-8E95-4D3B-B937-CD050111A2ED}.Release|Any CPU.Build.0 = Release|Any CPU
		{79E5190C-1EDB-4021-A68B-C0C47720A4AB}.Debug|Any CPU.ActiveCfg = Debug|Any CPU
		{79E5190C-1EDB-4021-A68B-C0C47720A4AB}.Debug|Any CPU.Build.0 = Debug|Any CPU
		{79E5190C-1EDB-4021-A68B-C0C47720A4AB}.Release|Any CPU.ActiveCfg = Release|Any CPU
		{79E5190C-1EDB-4021-A68B-C0C47720A4AB}.Release|Any CPU.Build.0 = Release|Any CPU
		{D9A7564B-8C25-40D2-B2D2-A78292945AF2}.Debug|Any CPU.ActiveCfg = Debug|Any CPU
		{D9A7564B-8C25-40D2-B2D2-A78292945AF2}.Debug|Any CPU.Build.0 = Debug|Any CPU
		{D9A7564B-8C25-40D2-B2D2-A78292945AF2}.Release|Any CPU.ActiveCfg = Release|Any CPU
		{D9A7564B-8C25-40D2-B2D2-A78292945AF2}.Release|Any CPU.Build.0 = Release|Any CPU
		{CE6ACBA7-4CD6-4579-87D9-36D4B7221BA1}.Debug|Any CPU.ActiveCfg = Debug|Any CPU
		{CE6ACBA7-4CD6-4579-87D9-36D4B7221BA1}.Debug|Any CPU.Build.0 = Debug|Any CPU
		{CE6ACBA7-4CD6-4579-87D9-36D4B7221BA1}.Release|Any CPU.ActiveCfg = Release|Any CPU
		{CE6ACBA7-4CD6-4579-87D9-36D4B7221BA1}.Release|Any CPU.Build.0 = Release|Any CPU
		{660D34C6-BEEC-4F02-ADF3-5A969F8C129E}.Debug|Any CPU.ActiveCfg = Debug|Any CPU
		{660D34C6-BEEC-4F02-ADF3-5A969F8C129E}.Debug|Any CPU.Build.0 = Debug|Any CPU
		{660D34C6-BEEC-4F02-ADF3-5A969F8C129E}.Release|Any CPU.ActiveCfg = Release|Any CPU
		{660D34C6-BEEC-4F02-ADF3-5A969F8C129E}.Release|Any CPU.Build.0 = Release|Any CPU
	EndGlobalSection
	GlobalSection(SolutionProperties) = preSolution
		HideSolutionNode = FALSE
	EndGlobalSection
	GlobalSection(ExtensibilityGlobals) = postSolution
		SolutionGuid = {9C8562F3-FF3D-41F4-ABB6-6BCAD0518805}
	EndGlobalSection
EndGlobal
